
Microsoft Visual Studio Solution File, Format Version 12.00
Project("{2150E333-8FDC-42A3-9474-1A3956D46DE8}") = "17.02", "17.02", "{D3FCB669-E93F-4F0B-B9C5-6592CE93AC7F}"
EndProject
Project("{FAE04EC0-301F-11D3-BF4B-00C04F79EFBC}") = "BurrowsWheeler", "BurrowsWheeler\BurrowsWheeler.csproj", "{E007586F-9760-4744-BB25-EDEFD6BA860C}"
EndProject
Project("{FAE04EC0-301F-11D3-BF4B-00C04F79EFBC}") = "BubbleSort", "BubbleSort\BubbleSort.csproj", "{A4F6ADD5-85FD-4F67-8B29-549DDDF6F82E}"
EndProject
Project("{2150E333-8FDC-42A3-9474-1A3956D46DE8}") = "03.03", "03.03", "{882A9B9C-D3DE-4CFF-9E2F-08AD177EE675}"
EndProject
Project("{2150E333-8FDC-42A3-9474-1A3956D46DE8}") = "10.03", "10.03", "{EA6FC7D9-BDFB-49CD-AC00-FC5DDC5274B0}"
EndProject
Project("{2150E333-8FDC-42A3-9474-1A3956D46DE8}") = "2023", "2023", "{6C82FFDE-03BA-44ED-B5E8-C90579DCF56D}"
EndProject
Project("{2150E333-8FDC-42A3-9474-1A3956D46DE8}") = "12.10", "12.10", "{7A21E6C1-9694-4896-AD34-C0BDB62BF665}"
EndProject
Project("{FAE04EC0-301F-11D3-BF4B-00C04F79EFBC}") = "SimpleFtp.Server", "SimpleFtp.Server\SimpleFtp.Server.csproj", "{EE4BF01B-FD41-47A7-B2BF-F9604CFE50B5}"
EndProject
Project("{FAE04EC0-301F-11D3-BF4B-00C04F79EFBC}") = "SimpleFtp.Client", "SimpleFtp.Client\SimpleFtp.Client.csproj", "{D5835D5B-B4F3-4AF6-8FDB-0133183D3304}"
EndProject
Project("{FAE04EC0-301F-11D3-BF4B-00C04F79EFBC}") = "SimpleFtp.Protocol", "SimpleFtp.Protocol\SimpleFtp.Protocol.csproj", "{888C5E3A-3DE2-4405-B4E3-24ABB9A473C5}"
EndProject
Global
	GlobalSection(SolutionConfigurationPlatforms) = preSolution
		Debug|Any CPU = Debug|Any CPU
		Release|Any CPU = Release|Any CPU
	EndGlobalSection
	GlobalSection(ProjectConfigurationPlatforms) = postSolution
		{E007586F-9760-4744-BB25-EDEFD6BA860C}.Debug|Any CPU.ActiveCfg = Debug|Any CPU
		{E007586F-9760-4744-BB25-EDEFD6BA860C}.Debug|Any CPU.Build.0 = Debug|Any CPU
		{E007586F-9760-4744-BB25-EDEFD6BA860C}.Release|Any CPU.ActiveCfg = Release|Any CPU
		{E007586F-9760-4744-BB25-EDEFD6BA860C}.Release|Any CPU.Build.0 = Release|Any CPU
		{A4F6ADD5-85FD-4F67-8B29-549DDDF6F82E}.Debug|Any CPU.ActiveCfg = Debug|Any CPU
								{A4F6ADD5-85FD-4F67-8B29-549DDDF6F82E}.Debug|Any CPU.Build.0 = Debug|Any CPU
								{A4F6ADD5-85FD-4F67-8B29-549DDDF6F82E}.Release|Any CPU.ActiveCfg = Release|Any CPU
								{A4F6ADD5-85FD-4F67-8B29-549DDDF6F82E}.Release|Any CPU.Build.0 = Release|Any CPU
		{EE4BF01B-FD41-47A7-B2BF-F9604CFE50B5}.Debug|Any CPU.ActiveCfg = Debug|Any CPU
		{EE4BF01B-FD41-47A7-B2BF-F9604CFE50B5}.Debug|Any CPU.Build.0 = Debug|Any CPU
		{EE4BF01B-FD41-47A7-B2BF-F9604CFE50B5}.Release|Any CPU.ActiveCfg = Release|Any CPU
		{EE4BF01B-FD41-47A7-B2BF-F9604CFE50B5}.Release|Any CPU.Build.0 = Release|Any CPU
		{D5835D5B-B4F3-4AF6-8FDB-0133183D3304}.Debug|Any CPU.ActiveCfg = Debug|Any CPU
		{D5835D5B-B4F3-4AF6-8FDB-0133183D3304}.Debug|Any CPU.Build.0 = Debug|Any CPU
		{D5835D5B-B4F3-4AF6-8FDB-0133183D3304}.Release|Any CPU.ActiveCfg = Release|Any CPU
		{D5835D5B-B4F3-4AF6-8FDB-0133183D3304}.Release|Any CPU.Build.0 = Release|Any CPU
		{888C5E3A-3DE2-4405-B4E3-24ABB9A473C5}.Debug|Any CPU.ActiveCfg = Debug|Any CPU
		{888C5E3A-3DE2-4405-B4E3-24ABB9A473C5}.Debug|Any CPU.Build.0 = Debug|Any CPU
		{888C5E3A-3DE2-4405-B4E3-24ABB9A473C5}.Release|Any CPU.ActiveCfg = Release|Any CPU
		{888C5E3A-3DE2-4405-B4E3-24ABB9A473C5}.Release|Any CPU.Build.0 = Release|Any CPU
	EndGlobalSection
	GlobalSection(NestedProjects) = preSolution
					{E007586F-9760-4744-BB25-EDEFD6BA860C} = {D3FCB669-E93F-4F0B-B9C5-6592CE93AC7F}
		{A4F6ADD5-85FD-4F67-8B29-549DDDF6F82E} = {D3FCB669-E93F-4F0B-B9C5-6592CE93AC7F}
		{7A21E6C1-9694-4896-AD34-C0BDB62BF665} = {6C82FFDE-03BA-44ED-B5E8-C90579DCF56D}
		{EE4BF01B-FD41-47A7-B2BF-F9604CFE50B5} = {7A21E6C1-9694-4896-AD34-C0BDB62BF665}
		{D5835D5B-B4F3-4AF6-8FDB-0133183D3304} = {7A21E6C1-9694-4896-AD34-C0BDB62BF665}
		{888C5E3A-3DE2-4405-B4E3-24ABB9A473C5} = {7A21E6C1-9694-4896-AD34-C0BDB62BF665}
	EndGlobalSection
EndGlobal
