
Microsoft Visual Studio Solution File, Format Version 12.00
# Visual Studio Version 17
VisualStudioVersion = 17.0.31903.59
MinimumVisualStudioVersion = 10.0.40219.1
Project("{2150E333-8FDC-42A3-9474-1A3956D46DE8}") = "kr1", "kr1", "{91E3BDA2-0836-46C2-95F0-02513FD7F13F}"
EndProject
Project("{F2A71F9B-5D33-465A-A702-920D77279786}") = "FibonacciSum", "FibonacciSum\FibonacciSum.fsproj", "{7937CDA8-8285-4E23-AD1A-FC0F04FEEFE6}"
EndProject
Project("{F2A71F9B-5D33-465A-A702-920D77279786}") = "FibonacciSum.Test", "FibonacciSum.Test\FibonacciSum.Test.fsproj", "{D934C0A5-661D-4711-BC18-C38B76EF6D27}"
EndProject
Project("{F2A71F9B-5D33-465A-A702-920D77279786}") = "Square", "Square\Square.fsproj", "{3F9555C4-F501-44EA-A504-A7C69DED80BF}"
EndProject
Project("{F2A71F9B-5D33-465A-A702-920D77279786}") = "Square.Test", "Square.Test\Square.Test.fsproj", "{3B81E91C-CFA2-4CB9-865A-E5793E58E8FC}"
EndProject
Project("{F2A71F9B-5D33-465A-A702-920D77279786}") = "PriorityQueue", "PriorityQueue\PriorityQueue.fsproj", "{A0F17AAF-0BEF-436E-9D02-738ADCCCBE73}"
EndProject
Project("{F2A71F9B-5D33-465A-A702-920D77279786}") = "PriorityQueue.Test", "PriorityQueue.Test\PriorityQueue.Test.fsproj", "{89A935E8-B5F3-435D-ACC3-A99DD7C66178}"
EndProject
Project("{F2A71F9B-5D33-465A-A702-920D77279786}") = "Homework1", "Homework1\Homework1.fsproj", "{04B15EE4-079A-42ED-ACC8-E2DCD25281C6}"
EndProject
Project("{F2A71F9B-5D33-465A-A702-920D77279786}") = "LambdaInterpreter", "LambdaInterpreter\LambdaInterpreter.fsproj", "{E83E0AE3-A385-497B-9F64-A9FD42A33D8E}"
EndProject
Project("{F2A71F9B-5D33-465A-A702-920D77279786}") = "LambdaInterpreter.Test", "LambdaInterpreter.Test\LambdaInterpreter.Test.fsproj", "{C2A83553-3EDE-4BA1-B185-9339BC42C2E0}"
EndProject
Global
	GlobalSection(SolutionConfigurationPlatforms) = preSolution
		Debug|Any CPU = Debug|Any CPU
		Release|Any CPU = Release|Any CPU
	EndGlobalSection
	GlobalSection(SolutionProperties) = preSolution
		HideSolutionNode = FALSE
	EndGlobalSection
	GlobalSection(ProjectConfigurationPlatforms) = postSolution
		{0FD34DFA-792D-44F0-BD17-CE59DD81D040}.Debug|Any CPU.ActiveCfg = Debug|Any CPU
		{0FD34DFA-792D-44F0-BD17-CE59DD81D040}.Debug|Any CPU.Build.0 = Debug|Any CPU
		{0FD34DFA-792D-44F0-BD17-CE59DD81D040}.Release|Any CPU.ActiveCfg = Release|Any CPU
		{0FD34DFA-792D-44F0-BD17-CE59DD81D040}.Release|Any CPU.Build.0 = Release|Any CPU
		{7937CDA8-8285-4E23-AD1A-FC0F04FEEFE6}.Debug|Any CPU.ActiveCfg = Debug|Any CPU
		{7937CDA8-8285-4E23-AD1A-FC0F04FEEFE6}.Debug|Any CPU.Build.0 = Debug|Any CPU
		{7937CDA8-8285-4E23-AD1A-FC0F04FEEFE6}.Release|Any CPU.ActiveCfg = Release|Any CPU
		{7937CDA8-8285-4E23-AD1A-FC0F04FEEFE6}.Release|Any CPU.Build.0 = Release|Any CPU
		{D934C0A5-661D-4711-BC18-C38B76EF6D27}.Debug|Any CPU.ActiveCfg = Debug|Any CPU
		{D934C0A5-661D-4711-BC18-C38B76EF6D27}.Debug|Any CPU.Build.0 = Debug|Any CPU
		{D934C0A5-661D-4711-BC18-C38B76EF6D27}.Release|Any CPU.ActiveCfg = Release|Any CPU
		{D934C0A5-661D-4711-BC18-C38B76EF6D27}.Release|Any CPU.Build.0 = Release|Any CPU
		{3F9555C4-F501-44EA-A504-A7C69DED80BF}.Debug|Any CPU.ActiveCfg = Debug|Any CPU
		{3F9555C4-F501-44EA-A504-A7C69DED80BF}.Debug|Any CPU.Build.0 = Debug|Any CPU
		{3F9555C4-F501-44EA-A504-A7C69DED80BF}.Release|Any CPU.ActiveCfg = Release|Any CPU
		{3F9555C4-F501-44EA-A504-A7C69DED80BF}.Release|Any CPU.Build.0 = Release|Any CPU
		{3B81E91C-CFA2-4CB9-865A-E5793E58E8FC}.Debug|Any CPU.ActiveCfg = Debug|Any CPU
		{3B81E91C-CFA2-4CB9-865A-E5793E58E8FC}.Debug|Any CPU.Build.0 = Debug|Any CPU
		{3B81E91C-CFA2-4CB9-865A-E5793E58E8FC}.Release|Any CPU.ActiveCfg = Release|Any CPU
		{3B81E91C-CFA2-4CB9-865A-E5793E58E8FC}.Release|Any CPU.Build.0 = Release|Any CPU
		{A0F17AAF-0BEF-436E-9D02-738ADCCCBE73}.Debug|Any CPU.ActiveCfg = Debug|Any CPU
		{A0F17AAF-0BEF-436E-9D02-738ADCCCBE73}.Debug|Any CPU.Build.0 = Debug|Any CPU
		{A0F17AAF-0BEF-436E-9D02-738ADCCCBE73}.Release|Any CPU.ActiveCfg = Release|Any CPU
		{A0F17AAF-0BEF-436E-9D02-738ADCCCBE73}.Release|Any CPU.Build.0 = Release|Any CPU
		{89A935E8-B5F3-435D-ACC3-A99DD7C66178}.Debug|Any CPU.ActiveCfg = Debug|Any CPU
		{89A935E8-B5F3-435D-ACC3-A99DD7C66178}.Debug|Any CPU.Build.0 = Debug|Any CPU
		{89A935E8-B5F3-435D-ACC3-A99DD7C66178}.Release|Any CPU.ActiveCfg = Release|Any CPU
		{89A935E8-B5F3-435D-ACC3-A99DD7C66178}.Release|Any CPU.Build.0 = Release|Any CPU
		{E83E0AE3-A385-497B-9F64-A9FD42A33D8E}.Debug|Any CPU.ActiveCfg = Debug|Any CPU
		{E83E0AE3-A385-497B-9F64-A9FD42A33D8E}.Debug|Any CPU.Build.0 = Debug|Any CPU
		{E83E0AE3-A385-497B-9F64-A9FD42A33D8E}.Release|Any CPU.ActiveCfg = Release|Any CPU
		{E83E0AE3-A385-497B-9F64-A9FD42A33D8E}.Release|Any CPU.Build.0 = Release|Any CPU
		{C2A83553-3EDE-4BA1-B185-9339BC42C2E0}.Debug|Any CPU.ActiveCfg = Debug|Any CPU
		{C2A83553-3EDE-4BA1-B185-9339BC42C2E0}.Debug|Any CPU.Build.0 = Debug|Any CPU
		{C2A83553-3EDE-4BA1-B185-9339BC42C2E0}.Release|Any CPU.ActiveCfg = Release|Any CPU
		{C2A83553-3EDE-4BA1-B185-9339BC42C2E0}.Release|Any CPU.Build.0 = Release|Any CPU
	EndGlobalSection
	GlobalSection(NestedProjects) = preSolution
		{7937CDA8-8285-4E23-AD1A-FC0F04FEEFE6} = {91E3BDA2-0836-46C2-95F0-02513FD7F13F}
		{D934C0A5-661D-4711-BC18-C38B76EF6D27} = {91E3BDA2-0836-46C2-95F0-02513FD7F13F}
		{3F9555C4-F501-44EA-A504-A7C69DED80BF} = {91E3BDA2-0836-46C2-95F0-02513FD7F13F}
		{3B81E91C-CFA2-4CB9-865A-E5793E58E8FC} = {91E3BDA2-0836-46C2-95F0-02513FD7F13F}
		{A0F17AAF-0BEF-436E-9D02-738ADCCCBE73} = {91E3BDA2-0836-46C2-95F0-02513FD7F13F}
		{89A935E8-B5F3-435D-ACC3-A99DD7C66178} = {91E3BDA2-0836-46C2-95F0-02513FD7F13F}
	EndGlobalSection
EndGlobal
